github.com/MihaiValentin/lunr-languages v0.0.0-20210901090106-177653fb5670 h1:Miq24L5MyB5ppgW+Rhu39F2LAi+UERKRZEypmtb5SrM=
github.com/MihaiValentin/lunr-languages v0.0.0-20210901090106-177653fb5670/go.mod h1:9u5XeCq3kYXZEJvSRP8Pz2qBAsNsmIM9ssN2fE1MnPw=
github.com/olivernn/lunr.js v2.3.9+incompatible h1:eH8iBnjlR4mwlYDdNuqy9PCNLjp2bEs6aoNnTSaccx0=
github.com/olivernn/lunr.js v2.3.9+incompatible/go.mod h1:yEkQ1DUSMtNsn8n2CqvQXZd0ErWPEG8g9QRmblR+KS8=
